// !$*UTF8*$!
{
	archiveVersion = 1;
	classes = {
	};
	objectVersion = 50;
	objects = {

/* Begin PBXBuildFile section */
		D489305022194337006E45FB /* AppDelegate.swift in Sources */ = {isa = PBXBuildFile; fileRef = D489304F22194337006E45FB /* AppDelegate.swift */; };
		D489305222194337006E45FB /* ViewController.swift in Sources */ = {isa = PBXBuildFile; fileRef = D489305122194337006E45FB /* ViewController.swift */; };
		D489305422194339006E45FB /* Assets.xcassets in Resources */ = {isa = PBXBuildFile; fileRef = D489305322194339006E45FB /* Assets.xcassets */; };
		D489305722194339006E45FB /* Main.storyboard in Resources */ = {isa = PBXBuildFile; fileRef = D489305522194339006E45FB /* Main.storyboard */; };
		E8F680DAEADD921D56441382 /* Pods_VTHackit.framework in Frameworks */ = {isa = PBXBuildFile; fileRef = 80DD3732C76C5B5B13C657A7 /* Pods_VTHackit.framework */; };
/* End PBXBuildFile section */

/* Begin PBXFileReference section */
		3EBF08861E5AB6D40716E1F3 /* Pods-VTHackit.release.xcconfig */ = {isa = PBXFileReference; includeInIndex = 1; lastKnownFileType = text.xcconfig; name = "Pods-VTHackit.release.xcconfig"; path = "Pods/Target Support Files/Pods-VTHackit/Pods-VTHackit.release.xcconfig"; sourceTree = "<group>"; };
		80DD3732C76C5B5B13C657A7 /* Pods_VTHackit.framework */ = {isa = PBXFileReference; explicitFileType = wrapper.framework; includeInIndex = 0; path = Pods_VTHackit.framework; sourceTree = BUILT_PRODUCTS_DIR; };
		BB86019372BA0B45AD8B337C /* Pods-VTHackit.debug.xcconfig */ = {isa = PBXFileReference; includeInIndex = 1; lastKnownFileType = text.xcconfig; name = "Pods-VTHackit.debug.xcconfig"; path = "Pods/Target Support Files/Pods-VTHackit/Pods-VTHackit.debug.xcconfig"; sourceTree = "<group>"; };
		D489304C22194337006E45FB /* VTHackit.app */ = {isa = PBXFileReference; explicitFileType = wrapper.application; includeInIndex = 0; path = VTHackit.app; sourceTree = BUILT_PRODUCTS_DIR; };
		D489304F22194337006E45FB /* AppDelegate.swift */ = {isa = PBXFileReference; lastKnownFileType = sourcecode.swift; path = AppDelegate.swift; sourceTree = "<group>"; };
		D489305122194337006E45FB /* ViewController.swift */ = {isa = PBXFileReference; lastKnownFileType = sourcecode.swift; path = ViewController.swift; sourceTree = "<group>"; };
		D489305322194339006E45FB /* Assets.xcassets */ = {isa = PBXFileReference; lastKnownFileType = folder.assetcatalog; path = Assets.xcassets; sourceTree = "<group>"; };
		D489305622194339006E45FB /* Base */ = {isa = PBXFileReference; lastKnownFileType = file.storyboard; name = Base; path = Base.lproj/Main.storyboard; sourceTree = "<group>"; };
		D489305822194339006E45FB /* Info.plist */ = {isa = PBXFileReference; lastKnownFileType = text.plist.xml; path = Info.plist; sourceTree = "<group>"; };
		D489305922194339006E45FB /* VTHackit.entitlements */ = {isa = PBXFileReference; lastKnownFileType = text.plist.entitlements; path = VTHackit.entitlements; sourceTree = "<group>"; };
/* End PBXFileReference section */

/* Begin PBXFrameworksBuildPhase section */
		D489304922194337006E45FB /* Frameworks */ = {
			isa = PBXFrameworksBuildPhase;
			buildActionMask = 2147483647;
			files = (
				E8F680DAEADD921D56441382 /* Pods_VTHackit.framework in Frameworks */,
			);
			runOnlyForDeploymentPostprocessing = 0;
		};
/* End PBXFrameworksBuildPhase section */

/* Begin PBXGroup section */
		577D43A5F0BC23EF118C3F19 /* Pods */ = {
			isa = PBXGroup;
			children = (
				BB86019372BA0B45AD8B337C /* Pods-VTHackit.debug.xcconfig */,
				3EBF08861E5AB6D40716E1F3 /* Pods-VTHackit.release.xcconfig */,
			);
			name = Pods;
			sourceTree = "<group>";
		};
		67E4647C800E82376B4854BA /* Frameworks */ = {
			isa = PBXGroup;
			children = (
				80DD3732C76C5B5B13C657A7 /* Pods_VTHackit.framework */,
			);
			name = Frameworks;
			sourceTree = "<group>";
		};
		D489304322194337006E45FB = {
			isa = PBXGroup;
			children = (
				D489304E22194337006E45FB /* VTHackit */,
				D489304D22194337006E45FB /* Products */,
				577D43A5F0BC23EF118C3F19 /* Pods */,
				67E4647C800E82376B4854BA /* Frameworks */,
			);
			sourceTree = "<group>";
		};
		D489304D22194337006E45FB /* Products */ = {
			isa = PBXGroup;
			children = (
				D489304C22194337006E45FB /* VTHackit.app */,
			);
			name = Products;
			sourceTree = "<group>";
		};
		D489304E22194337006E45FB /* VTHackit */ = {
			isa = PBXGroup;
			children = (
				D489304F22194337006E45FB /* AppDelegate.swift */,
				D489305122194337006E45FB /* ViewController.swift */,
				D489305322194339006E45FB /* Assets.xcassets */,
				D489305522194339006E45FB /* Main.storyboard */,
				D489305822194339006E45FB /* Info.plist */,
				D489305922194339006E45FB /* VTHackit.entitlements */,
			);
			path = VTHackit;
			sourceTree = "<group>";
		};
/* End PBXGroup section */

/* Begin PBXNativeTarget section */
		D489304B22194337006E45FB /* VTHackit */ = {
			isa = PBXNativeTarget;
			buildConfigurationList = D489305C22194339006E45FB /* Build configuration list for PBXNativeTarget "VTHackit" */;
			buildPhases = (
				422BF9FD2BB2B1F1BCB03B07 /* [CP] Check Pods Manifest.lock */,
				D489304822194337006E45FB /* Sources */,
				D489304922194337006E45FB /* Frameworks */,
				D489304A22194337006E45FB /* Resources */,
				E0EB4F400F4DBB4F86D65617 /* [CP] Embed Pods Frameworks */,
			);
			buildRules = (
			);
			dependencies = (
			);
			name = VTHackit;
			productName = VTHackit;
			productReference = D489304C22194337006E45FB /* VTHackit.app */;
			productType = "com.apple.product-type.application";
		};
/* End PBXNativeTarget section */

/* Begin PBXProject section */
		D489304422194337006E45FB /* Project object */ = {
			isa = PBXProject;
			attributes = {
				LastSwiftUpdateCheck = 1010;
				LastUpgradeCheck = 1010;
				ORGANIZATIONNAME = "John Garrett";
				TargetAttributes = {
					D489304B22194337006E45FB = {
						CreatedOnToolsVersion = 10.1;
					};
				};
			};
			buildConfigurationList = D489304722194337006E45FB /* Build configuration list for PBXProject "VTHackit" */;
			compatibilityVersion = "Xcode 9.3";
			developmentRegion = en;
			hasScannedForEncodings = 0;
			knownRegions = (
				en,
				Base,
			);
			mainGroup = D489304322194337006E45FB;
			productRefGroup = D489304D22194337006E45FB /* Products */;
			projectDirPath = "";
			projectRoot = "";
			targets = (
				D489304B22194337006E45FB /* VTHackit */,
			);
		};
/* End PBXProject section */

/* Begin PBXResourcesBuildPhase section */
		D489304A22194337006E45FB /* Resources */ = {
			isa = PBXResourcesBuildPhase;
			buildActionMask = 2147483647;
			files = (
				D489305422194339006E45FB /* Assets.xcassets in Resources */,
				D489305722194339006E45FB /* Main.storyboard in Resources */,
			);
			runOnlyForDeploymentPostprocessing = 0;
		};
/* End PBXResourcesBuildPhase section */

/* Begin PBXShellScriptBuildPhase section */
		422BF9FD2BB2B1F1BCB03B07 /* [CP] Check Pods Manifest.lock */ = {
			isa = PBXShellScriptBuildPhase;
			buildActionMask = 2147483647;
			files = (
			);
			inputPaths = (
				"${PODS_PODFILE_DIR_PATH}/Podfile.lock",
				"${PODS_ROOT}/Manifest.lock",
			);
			name = "[CP] Check Pods Manifest.lock";
			outputPaths = (
				"$(DERIVED_FILE_DIR)/Pods-VTHackit-checkManifestLockResult.txt",
			);
			runOnlyForDeploymentPostprocessing = 0;
			shellPath = /bin/sh;
			shellScript = "diff \"${PODS_PODFILE_DIR_PATH}/Podfile.lock\" \"${PODS_ROOT}/Manifest.lock\" > /dev/null\nif [ $? != 0 ] ; then\n    # print error to STDERR\n    echo \"error: The sandbox is not in sync with the Podfile.lock. Run 'pod install' or update your CocoaPods installation.\" >&2\n    exit 1\nfi\n# This output is used by Xcode 'outputs' to avoid re-running this script phase.\necho \"SUCCESS\" > \"${SCRIPT_OUTPUT_FILE_0}\"\n";
			showEnvVarsInLog = 0;
		};
		E0EB4F400F4DBB4F86D65617 /* [CP] Embed Pods Frameworks */ = {
			isa = PBXShellScriptBuildPhase;
			buildActionMask = 2147483647;
			files = (
			);
			inputPaths = (
				"${SRCROOT}/Pods/Target Support Files/Pods-VTHackit/Pods-VTHackit-frameworks.sh",
				"${BUILT_PRODUCTS_DIR}/SnapKit/SnapKit.framework",
			);
			name = "[CP] Embed Pods Frameworks";
			outputPaths = (
				"${TARGET_BUILD_DIR}/${FRAMEWORKS_FOLDER_PATH}/SnapKit.framework",
			);
			runOnlyForDeploymentPostprocessing = 0;
			shellPath = /bin/sh;
			shellScript = "\"${SRCROOT}/Pods/Target Support Files/Pods-VTHackit/Pods-VTHackit-frameworks.sh\"\n";
			showEnvVarsInLog = 0;
		};
/* End PBXShellScriptBuildPhase section */

/* Begin PBXSourcesBuildPhase section */
		D489304822194337006E45FB /* Sources */ = {
			isa = PBXSourcesBuildPhase;
			buildActionMask = 2147483647;
			files = (
				D489305222194337006E45FB /* ViewController.swift in Sources */,
				D489305022194337006E45FB /* AppDelegate.swift in Sources */,
			);
			runOnlyForDeploymentPostprocessing = 0;
		};
/* End PBXSourcesBuildPhase section */

/* Begin PBXVariantGroup section */
		D489305522194339006E45FB /* Main.storyboard */ = {
			isa = PBXVariantGroup;
			children = (
				D489305622194339006E45FB /* Base */,
			);
			name = Main.storyboard;
			sourceTree = "<group>";
		};
/* End PBXVariantGroup section */

/* Begin XCBuildConfiguration section */
		D489305A22194339006E45FB /* Debug */ = {
			isa = XCBuildConfiguration;
			buildSettings = {
				ALWAYS_SEARCH_USER_PATHS = NO;
				CLANG_ANALYZER_NONNULL = YES;
				CLANG_ANALYZER_NUMBER_OBJECT_CONVERSION = YES_AGGRESSIVE;
				CLANG_CXX_LANGUAGE_STANDARD = "gnu++14";
				CLANG_CXX_LIBRARY = "libc++";
				CLANG_ENABLE_MODULES = YES;
				CLANG_ENABLE_OBJC_ARC = YES;
				CLANG_ENABLE_OBJC_WEAK = YES;
				CLANG_WARN_BLOCK_CAPTURE_AUTORELEASING = YES;
				CLANG_WARN_BOOL_CONVERSION = YES;
				CLANG_WARN_COMMA = YES;
				CLANG_WARN_CONSTANT_CONVERSION = YES;
				CLANG_WARN_DEPRECATED_OBJC_IMPLEMENTATIONS = YES;
				CLANG_WARN_DIRECT_OBJC_ISA_USAGE = YES_ERROR;
				CLANG_WARN_DOCUMENTATION_COMMENTS = YES;
				CLANG_WARN_EMPTY_BODY = YES;
				CLANG_WARN_ENUM_CONVERSION = YES;
				CLANG_WARN_INFINITE_RECURSION = YES;
				CLANG_WARN_INT_CONVERSION = YES;
				CLANG_WARN_NON_LITERAL_NULL_CONVERSION = YES;
				CLANG_WARN_OBJC_IMPLICIT_RETAIN_SELF = YES;
				CLANG_WARN_OBJC_LITERAL_CONVERSION = YES;
				CLANG_WARN_OBJC_ROOT_CLASS = YES_ERROR;
				CLANG_WARN_RANGE_LOOP_ANALYSIS = YES;
				CLANG_WARN_STRICT_PROTOTYPES = YES;
				CLANG_WARN_SUSPICIOUS_MOVE = YES;
				CLANG_WARN_UNGUARDED_AVAILABILITY = YES_AGGRESSIVE;
				CLANG_WARN_UNREACHABLE_CODE = YES;
				CLANG_WARN__DUPLICATE_METHOD_MATCH = YES;
				CODE_SIGN_IDENTITY = "Mac Developer";
				COPY_PHASE_STRIP = NO;
				DEBUG_INFORMATION_FORMAT = dwarf;
				ENABLE_STRICT_OBJC_MSGSEND = YES;
				ENABLE_TESTABILITY = YES;
				GCC_C_LANGUAGE_STANDARD = gnu11;
				GCC_DYNAMIC_NO_PIC = NO;
				GCC_NO_COMMON_BLOCKS = YES;
				GCC_OPTIMIZATION_LEVEL = 0;
				GCC_PREPROCESSOR_DEFINITIONS = (
					"DEBUG=1",
					"$(inherited)",
				);
				GCC_WARN_64_TO_32_BIT_CONVERSION = YES;
				GCC_WARN_ABOUT_RETURN_TYPE = YES_ERROR;
				GCC_WARN_UNDECLARED_SELECTOR = YES;
				GCC_WARN_UNINITIALIZED_AUTOS = YES_AGGRESSIVE;
				GCC_WARN_UNUSED_FUNCTION = YES;
				GCC_WARN_UNUSED_VARIABLE = YES;
				MACOSX_DEPLOYMENT_TARGET = 10.14;
				MTL_ENABLE_DEBUG_INFO = INCLUDE_SOURCE;
				MTL_FAST_MATH = YES;
				ONLY_ACTIVE_ARCH = YES;
				SDKROOT = macosx;
				SWIFT_ACTIVE_COMPILATION_CONDITIONS = DEBUG;
				SWIFT_OPTIMIZATION_LEVEL = "-Onone";
			};
			name = Debug;
		};
		D489305B22194339006E45FB /* Release */ = {
			isa = XCBuildConfiguration;
			buildSettings = {
				ALWAYS_SEARCH_USER_PATHS = NO;
				CLANG_ANALYZER_NONNULL = YES;
				CLANG_ANALYZER_NUMBER_OBJECT_CONVERSION = YES_AGGRESSIVE;
				CLANG_CXX_LANGUAGE_STANDARD = "gnu++14";
				CLANG_CXX_LIBRARY = "libc++";
				CLANG_ENABLE_MODULES = YES;
				CLANG_ENABLE_OBJC_ARC = YES;
				CLANG_ENABLE_OBJC_WEAK = YES;
				CLANG_WARN_BLOCK_CAPTURE_AUTORELEASING = YES;
				CLANG_WARN_BOOL_CONVERSION = YES;
				CLANG_WARN_COMMA = YES;
				CLANG_WARN_CONSTANT_CONVERSION = YES;
				CLANG_WARN_DEPRECATED_OBJC_IMPLEMENTATIONS = YES;
				CLANG_WARN_DIRECT_OBJC_ISA_USAGE = YES_ERROR;
				CLANG_WARN_DOCUMENTATION_COMMENTS = YES;
				CLANG_WARN_EMPTY_BODY = YES;
				CLANG_WARN_ENUM_CONVERSION = YES;
				CLANG_WARN_INFINITE_RECURSION = YES;
				CLANG_WARN_INT_CONVERSION = YES;
				CLANG_WARN_NON_LITERAL_NULL_CONVERSION = YES;
				CLANG_WARN_OBJC_IMPLICIT_RETAIN_SELF = YES;
				CLANG_WARN_OBJC_LITERAL_CONVERSION = YES;
				CLANG_WARN_OBJC_ROOT_CLASS = YES_ERROR;
				CLANG_WARN_RANGE_LOOP_ANALYSIS = YES;
				CLANG_WARN_STRICT_PROTOTYPES = YES;
				CLANG_WARN_SUSPICIOUS_MOVE = YES;
				CLANG_WARN_UNGUARDED_AVAILABILITY = YES_AGGRESSIVE;
				CLANG_WARN_UNREACHABLE_CODE = YES;
				CLANG_WARN__DUPLICATE_METHOD_MATCH = YES;
				CODE_SIGN_IDENTITY = "Mac Developer";
				COPY_PHASE_STRIP = NO;
				DEBUG_INFORMATION_FORMAT = "dwarf-with-dsym";
				ENABLE_NS_ASSERTIONS = NO;
				ENABLE_STRICT_OBJC_MSGSEND = YES;
				GCC_C_LANGUAGE_STANDARD = gnu11;
				GCC_NO_COMMON_BLOCKS = YES;
				GCC_WARN_64_TO_32_BIT_CONVERSION = YES;
				GCC_WARN_ABOUT_RETURN_TYPE = YES_ERROR;
				GCC_WARN_UNDECLARED_SELECTOR = YES;
				GCC_WARN_UNINITIALIZED_AUTOS = YES_AGGRESSIVE;
				GCC_WARN_UNUSED_FUNCTION = YES;
				GCC_WARN_UNUSED_VARIABLE = YES;
				MACOSX_DEPLOYMENT_TARGET = 10.14;
				MTL_ENABLE_DEBUG_INFO = NO;
				MTL_FAST_MATH = YES;
				SDKROOT = macosx;
				SWIFT_COMPILATION_MODE = wholemodule;
				SWIFT_OPTIMIZATION_LEVEL = "-O";
			};
			name = Release;
		};
		D489305D22194339006E45FB /* Debug */ = {
			isa = XCBuildConfiguration;
			baseConfigurationReference = BB86019372BA0B45AD8B337C /* Pods-VTHackit.debug.xcconfig */;
			buildSettings = {
				ASSETCATALOG_COMPILER_APPICON_NAME = AppIcon;
				CODE_SIGN_ENTITLEMENTS = VTHackit/VTHackit.entitlements;
				CODE_SIGN_STYLE = Automatic;
				COMBINE_HIDPI_IMAGES = YES;
				DEVELOPMENT_TEAM = F65W3J85C2;
				INFOPLIST_FILE = VTHackit/Info.plist;
				LD_RUNPATH_SEARCH_PATHS = (
					"$(inherited)",
					"@executable_path/../Frameworks",
				);
				PRODUCT_BUNDLE_IDENTIFIER = johnPersonal.VTHackit;
				PRODUCT_NAME = "$(TARGET_NAME)";
				SWIFT_VERSION = 4.2;
			};
			name = Debug;
		};
		D489305E22194339006E45FB /* Release */ = {
			isa = XCBuildConfiguration;
			baseConfigurationReference = 3EBF08861E5AB6D40716E1F3 /* Pods-VTHackit.release.xcconfig */;
			buildSettings = {
				ASSETCATALOG_COMPILER_APPICON_NAME = AppIcon;
				CODE_SIGN_ENTITLEMENTS = VTHackit/VTHackit.entitlements;
				CODE_SIGN_STYLE = Automatic;
				COMBINE_HIDPI_IMAGES = YES;
				DEVELOPMENT_TEAM = F65W3J85C2;
				INFOPLIST_FILE = VTHackit/Info.plist;
				LD_RUNPATH_SEARCH_PATHS = (
					"$(inherited)",
					"@executable_path/../Frameworks",
				);
				PRODUCT_BUNDLE_IDENTIFIER = johnPersonal.VTHackit;
				PRODUCT_NAME = "$(TARGET_NAME)";
				SWIFT_VERSION = 4.2;
			};
			name = Release;
		};
/* End XCBuildConfiguration section */

/* Begin XCConfigurationList section */
		D489304722194337006E45FB /* Build configuration list for PBXProject "VTHackit" */ = {
			isa = XCConfigurationList;
			buildConfigurations = (
				D489305A22194339006E45FB /* Debug */,
				D489305B22194339006E45FB /* Release */,
			);
			defaultConfigurationIsVisible = 0;
			defaultConfigurationName = Release;
		};
		D489305C22194339006E45FB /* Build configuration list for PBXNativeTarget "VTHackit" */ = {
			isa = XCConfigurationList;
			buildConfigurations = (
				D489305D22194339006E45FB /* Debug */,
				D489305E22194339006E45FB /* Release */,
			);
			defaultConfigurationIsVisible = 0;
			defaultConfigurationName = Release;
		};
/* End XCConfigurationList section */
	};
	rootObject = D489304422194337006E45FB /* Project object */;
}
